
Microsoft Visual Studio Solution File, Format Version 12.00
# Visual Studio Version 17
VisualStudioVersion = 17.6.33829.357
MinimumVisualStudioVersion = 10.0.40219.1
Project("{FAE04EC0-301F-11D3-BF4B-00C04F79EFBC}") = "Airport Food Court App (Vendor Side)", "Airport Food Court App (Vendor Side).csproj", "{DD08B55D-38A4-4F32-B3C6-3D67276874F3}"
EndProject
Global
	GlobalSection(SolutionConfigurationPlatforms) = preSolution
		Debug|Any CPU = Debug|Any CPU
		Release|Any CPU = Release|Any CPU
	EndGlobalSection
	GlobalSection(ProjectConfigurationPlatforms) = postSolution
		{DD08B55D-38A4-4F32-B3C6-3D67276874F3}.Debug|Any CPU.ActiveCfg = Debug|Any CPU
		{DD08B55D-38A4-4F32-B3C6-3D67276874F3}.Debug|Any CPU.Build.0 = Debug|Any CPU
		{DD08B55D-38A4-4F32-B3C6-3D67276874F3}.Release|Any CPU.ActiveCfg = Release|Any CPU
		{DD08B55D-38A4-4F32-B3C6-3D67276874F3}.Release|Any CPU.Build.0 = Release|Any CPU
	EndGlobalSection
	GlobalSection(SolutionProperties) = preSolution
		HideSolutionNode = FALSE
	EndGlobalSection
	GlobalSection(ExtensibilityGlobals) = postSolution
		SolutionGuid = {60AAADF7-C606-4FE1-8952-927130137350}
	EndGlobalSection
EndGlobal
